// !$*UTF8*$!
{
	archiveVersion = 1;
	classes = {
	};
	objectVersion = 51;
	objects = {

/* Begin PBXBuildFile section */
		1FFDE34F875CF8A501D7FD56 /* Pods_Droppyn_DroppynUITests.framework in Frameworks */ = {isa = PBXBuildFile; fileRef = 0E294E7E31F9F0134F9E6CAB /* Pods_Droppyn_DroppynUITests.framework */; };
		A036AE290F44BD09BDE68CD0 /* Pods_DroppynTests.framework in Frameworks */ = {isa = PBXBuildFile; fileRef = 6A2280C7BD3B0D8B11D86791 /* Pods_DroppynTests.framework */; };
		B71067382646B5F000CB65EF /* GoogleService-Info.plist in Resources */ = {isa = PBXBuildFile; fileRef = B71067372646B5F000CB65EF /* GoogleService-Info.plist */; };
		B7330F8B2642F4E10014EA1C /* ShoeListViewModel.swift in Sources */ = {isa = PBXBuildFile; fileRef = B7330F692642F4E10014EA1C /* ShoeListViewModel.swift */; };
		B7330F8C2642F4E10014EA1C /* ShoeListView.swift in Sources */ = {isa = PBXBuildFile; fileRef = B7330F6B2642F4E10014EA1C /* ShoeListView.swift */; };
		B7330F8D2642F4E10014EA1C /* ShoeItemView.swift in Sources */ = {isa = PBXBuildFile; fileRef = B7330F6C2642F4E10014EA1C /* ShoeItemView.swift */; };
		B7330F8E2642F4E10014EA1C /* ShoeOfferDetailView.swift in Sources */ = {isa = PBXBuildFile; fileRef = B7330F6D2642F4E10014EA1C /* ShoeOfferDetailView.swift */; };
		B7330F8F2642F4E10014EA1C /* SizeChartView.swift in Sources */ = {isa = PBXBuildFile; fileRef = B7330F6F2642F4E10014EA1C /* SizeChartView.swift */; };
		B7330F902642F4E10014EA1C /* SizeChartViewModel.swift in Sources */ = {isa = PBXBuildFile; fileRef = B7330F702642F4E10014EA1C /* SizeChartViewModel.swift */; };
		B7330F912642F4E10014EA1C /* Shoe.swift in Sources */ = {isa = PBXBuildFile; fileRef = B7330F722642F4E10014EA1C /* Shoe.swift */; };
		B7330F942642F4E10014EA1C /* User.swift in Sources */ = {isa = PBXBuildFile; fileRef = B7330F752642F4E10014EA1C /* User.swift */; };
		B7330F962642F4E10014EA1C /* SizeChart.swift in Sources */ = {isa = PBXBuildFile; fileRef = B7330F772642F4E10014EA1C /* SizeChart.swift */; };
		B7330F982642F4E10014EA1C /* Brand.swift in Sources */ = {isa = PBXBuildFile; fileRef = B7330F792642F4E10014EA1C /* Brand.swift */; };
		B7330F992642F4E10014EA1C /* Offer.swift in Sources */ = {isa = PBXBuildFile; fileRef = B7330F7A2642F4E10014EA1C /* Offer.swift */; };
		B7330F9D2642F4E10014EA1C /* MyOffersViewModel.swift in Sources */ = {isa = PBXBuildFile; fileRef = B7330F7F2642F4E10014EA1C /* MyOffersViewModel.swift */; };
		B7330F9E2642F4E10014EA1C /* CreateOffer.swift in Sources */ = {isa = PBXBuildFile; fileRef = B7330F812642F4E10014EA1C /* CreateOffer.swift */; };
		B7330F9F2642F4E10014EA1C /* MyOfferView.swift in Sources */ = {isa = PBXBuildFile; fileRef = B7330F822642F4E10014EA1C /* MyOfferView.swift */; };
		B7330FA02642F4E10014EA1C /* MyOfferItemView.swift in Sources */ = {isa = PBXBuildFile; fileRef = B7330F832642F4E10014EA1C /* MyOfferItemView.swift */; };
		B7330FA12642F4E10014EA1C /* MyOffersListView.swift in Sources */ = {isa = PBXBuildFile; fileRef = B7330F842642F4E10014EA1C /* MyOffersListView.swift */; };
		B7330FA22642F4E10014EA1C /* ProfileView.swift in Sources */ = {isa = PBXBuildFile; fileRef = B7330F872642F4E10014EA1C /* ProfileView.swift */; };
		B7330FA32642F4E10014EA1C /* ProfileViewModel.swift in Sources */ = {isa = PBXBuildFile; fileRef = B7330F882642F4E10014EA1C /* ProfileViewModel.swift */; };
		B7330FA42642F4E10014EA1C /* FavoriteListView.swift in Sources */ = {isa = PBXBuildFile; fileRef = B7330F8A2642F4E10014EA1C /* FavoriteListView.swift */; };
		B7330FAA2642F50F0014EA1C /* Array+Identifiable.swift in Sources */ = {isa = PBXBuildFile; fileRef = B7330FA92642F50F0014EA1C /* Array+Identifiable.swift */; };
		B7330FAF2642F5190014EA1C /* PreviewData.swift in Sources */ = {isa = PBXBuildFile; fileRef = B7330FAE2642F5190014EA1C /* PreviewData.swift */; };
		B754A29B264BD31E00045DE4 /* FavoriteViewModel.swift in Sources */ = {isa = PBXBuildFile; fileRef = B754A29A264BD31E00045DE4 /* FavoriteViewModel.swift */; };
		B776A1C6264FF84A00BBB4AC /* Media.swift in Sources */ = {isa = PBXBuildFile; fileRef = B776A1C5264FF84A00BBB4AC /* Media.swift */; };
		B776A1D0264FFAF100BBB4AC /* UserDTO.swift in Sources */ = {isa = PBXBuildFile; fileRef = B776A1CF264FFAF100BBB4AC /* UserDTO.swift */; };
		B776A1D8264FFBB900BBB4AC /* BrandDTO.swift in Sources */ = {isa = PBXBuildFile; fileRef = B776A1D7264FFBB900BBB4AC /* BrandDTO.swift */; };
		B776A1DD264FFC2900BBB4AC /* SizeChartDTO.swift in Sources */ = {isa = PBXBuildFile; fileRef = B776A1DC264FFC2900BBB4AC /* SizeChartDTO.swift */; };
		B776A1E22650007800BBB4AC /* ShoeDTO.swift in Sources */ = {isa = PBXBuildFile; fileRef = B776A1E12650007800BBB4AC /* ShoeDTO.swift */; };
		B776A1E72650043F00BBB4AC /* APIController.swift in Sources */ = {isa = PBXBuildFile; fileRef = B776A1E62650043F00BBB4AC /* APIController.swift */; };
		B776A21726502E8000BBB4AC /* OfferDTO.swift in Sources */ = {isa = PBXBuildFile; fileRef = B776A21626502E8000BBB4AC /* OfferDTO.swift */; };
		B7A864FA2642FAA3009E2191 /* ChatView.swift in Sources */ = {isa = PBXBuildFile; fileRef = B7A864F92642FAA3009E2191 /* ChatView.swift */; };
		B7DAA32E2646E682007026B7 /* OffersListView.swift in Sources */ = {isa = PBXBuildFile; fileRef = B7DAA32D2646E682007026B7 /* OffersListView.swift */; };
		B7DAA3372646E69E007026B7 /* OfferView.swift in Sources */ = {isa = PBXBuildFile; fileRef = B7DAA3362646E69E007026B7 /* OfferView.swift */; };
		B7DAA34D2646EEA2007026B7 /* OffersViewModel.swift in Sources */ = {isa = PBXBuildFile; fileRef = B7DAA34C2646EEA2007026B7 /* OffersViewModel.swift */; };
		B7DAA3602646FBE3007026B7 /* OfferItemView.swift in Sources */ = {isa = PBXBuildFile; fileRef = B7DAA35F2646FBE3007026B7 /* OfferItemView.swift */; };
		B7DAA3652646FCAB007026B7 /* OfferDetailView.swift in Sources */ = {isa = PBXBuildFile; fileRef = B7DAA3642646FCAB007026B7 /* OfferDetailView.swift */; };
		B7F2E81B2642F34E00A43811 /* DroppynApp.swift in Sources */ = {isa = PBXBuildFile; fileRef = B7F2E81A2642F34E00A43811 /* DroppynApp.swift */; };
		B7F2E81D2642F34E00A43811 /* ContentView.swift in Sources */ = {isa = PBXBuildFile; fileRef = B7F2E81C2642F34E00A43811 /* ContentView.swift */; };
		B7F2E81F2642F34F00A43811 /* Assets.xcassets in Resources */ = {isa = PBXBuildFile; fileRef = B7F2E81E2642F34F00A43811 /* Assets.xcassets */; };
		B7F2E8222642F34F00A43811 /* Preview Assets.xcassets in Resources */ = {isa = PBXBuildFile; fileRef = B7F2E8212642F34F00A43811 /* Preview Assets.xcassets */; };
		B7F2E82D2642F34F00A43811 /* DroppynTests.swift in Sources */ = {isa = PBXBuildFile; fileRef = B7F2E82C2642F34F00A43811 /* DroppynTests.swift */; };
		B7F2E8382642F34F00A43811 /* DroppynUITests.swift in Sources */ = {isa = PBXBuildFile; fileRef = B7F2E8372642F34F00A43811 /* DroppynUITests.swift */; };
		B7FB3601264C2BE000F8F8CE /* CreateOfferViewModel.swift in Sources */ = {isa = PBXBuildFile; fileRef = B7FB3600264C2BE000F8F8CE /* CreateOfferViewModel.swift */; };
		BBCF42C8C61C59AB159D0541 /* Pods_Droppyn.framework in Frameworks */ = {isa = PBXBuildFile; fileRef = 3963700B0A1898848BF60C88 /* Pods_Droppyn.framework */; };
/* End PBXBuildFile section */

/* Begin PBXContainerItemProxy section */
		B7F2E8292642F34F00A43811 /* PBXContainerItemProxy */ = {
			isa = PBXContainerItemProxy;
			containerPortal = B7F2E80F2642F34E00A43811 /* Project object */;
			proxyType = 1;
			remoteGlobalIDString = B7F2E8162642F34E00A43811;
			remoteInfo = Droppyn;
		};
		B7F2E8342642F34F00A43811 /* PBXContainerItemProxy */ = {
			isa = PBXContainerItemProxy;
			containerPortal = B7F2E80F2642F34E00A43811 /* Project object */;
			proxyType = 1;
			remoteGlobalIDString = B7F2E8162642F34E00A43811;
			remoteInfo = Droppyn;
		};
/* End PBXContainerItemProxy section */

/* Begin PBXFileReference section */
		0AD2B07A346B1129ED259EC2 /* Pods-Droppyn.release.xcconfig */ = {isa = PBXFileReference; includeInIndex = 1; lastKnownFileType = text.xcconfig; name = "Pods-Droppyn.release.xcconfig"; path = "Target Support Files/Pods-Droppyn/Pods-Droppyn.release.xcconfig"; sourceTree = "<group>"; };
		0E294E7E31F9F0134F9E6CAB /* Pods_Droppyn_DroppynUITests.framework */ = {isa = PBXFileReference; explicitFileType = wrapper.framework; includeInIndex = 0; path = Pods_Droppyn_DroppynUITests.framework; sourceTree = BUILT_PRODUCTS_DIR; };
		3963700B0A1898848BF60C88 /* Pods_Droppyn.framework */ = {isa = PBXFileReference; explicitFileType = wrapper.framework; includeInIndex = 0; path = Pods_Droppyn.framework; sourceTree = BUILT_PRODUCTS_DIR; };
		3ECCF2364F2D79B1E8257F05 /* Pods-Droppyn-DroppynUITests.release.xcconfig */ = {isa = PBXFileReference; includeInIndex = 1; lastKnownFileType = text.xcconfig; name = "Pods-Droppyn-DroppynUITests.release.xcconfig"; path = "Target Support Files/Pods-Droppyn-DroppynUITests/Pods-Droppyn-DroppynUITests.release.xcconfig"; sourceTree = "<group>"; };
		6A2280C7BD3B0D8B11D86791 /* Pods_DroppynTests.framework */ = {isa = PBXFileReference; explicitFileType = wrapper.framework; includeInIndex = 0; path = Pods_DroppynTests.framework; sourceTree = BUILT_PRODUCTS_DIR; };
		80F6763FDFE71317C833B702 /* Pods-DroppynTests.debug.xcconfig */ = {isa = PBXFileReference; includeInIndex = 1; lastKnownFileType = text.xcconfig; name = "Pods-DroppynTests.debug.xcconfig"; path = "Target Support Files/Pods-DroppynTests/Pods-DroppynTests.debug.xcconfig"; sourceTree = "<group>"; };
		B71067372646B5F000CB65EF /* GoogleService-Info.plist */ = {isa = PBXFileReference; fileEncoding = 4; lastKnownFileType = text.plist.xml; path = "GoogleService-Info.plist"; sourceTree = "<group>"; };
		B7330F692642F4E10014EA1C /* ShoeListViewModel.swift */ = {isa = PBXFileReference; fileEncoding = 4; lastKnownFileType = sourcecode.swift; path = ShoeListViewModel.swift; sourceTree = "<group>"; };
		B7330F6B2642F4E10014EA1C /* ShoeListView.swift */ = {isa = PBXFileReference; fileEncoding = 4; lastKnownFileType = sourcecode.swift; path = ShoeListView.swift; sourceTree = "<group>"; };
		B7330F6C2642F4E10014EA1C /* ShoeItemView.swift */ = {isa = PBXFileReference; fileEncoding = 4; lastKnownFileType = sourcecode.swift; path = ShoeItemView.swift; sourceTree = "<group>"; };
		B7330F6D2642F4E10014EA1C /* ShoeOfferDetailView.swift */ = {isa = PBXFileReference; fileEncoding = 4; lastKnownFileType = sourcecode.swift; path = ShoeOfferDetailView.swift; sourceTree = "<group>"; };
		B7330F6F2642F4E10014EA1C /* SizeChartView.swift */ = {isa = PBXFileReference; fileEncoding = 4; lastKnownFileType = sourcecode.swift; path = SizeChartView.swift; sourceTree = "<group>"; };
		B7330F702642F4E10014EA1C /* SizeChartViewModel.swift */ = {isa = PBXFileReference; fileEncoding = 4; lastKnownFileType = sourcecode.swift; path = SizeChartViewModel.swift; sourceTree = "<group>"; };
		B7330F722642F4E10014EA1C /* Shoe.swift */ = {isa = PBXFileReference; fileEncoding = 4; lastKnownFileType = sourcecode.swift; path = Shoe.swift; sourceTree = "<group>"; };
		B7330F752642F4E10014EA1C /* User.swift */ = {isa = PBXFileReference; fileEncoding = 4; lastKnownFileType = sourcecode.swift; path = User.swift; sourceTree = "<group>"; };
		B7330F772642F4E10014EA1C /* SizeChart.swift */ = {isa = PBXFileReference; fileEncoding = 4; lastKnownFileType = sourcecode.swift; path = SizeChart.swift; sourceTree = "<group>"; };
		B7330F792642F4E10014EA1C /* Brand.swift */ = {isa = PBXFileReference; fileEncoding = 4; lastKnownFileType = sourcecode.swift; path = Brand.swift; sourceTree = "<group>"; };
		B7330F7A2642F4E10014EA1C /* Offer.swift */ = {isa = PBXFileReference; fileEncoding = 4; lastKnownFileType = sourcecode.swift; path = Offer.swift; sourceTree = "<group>"; };
		B7330F7F2642F4E10014EA1C /* MyOffersViewModel.swift */ = {isa = PBXFileReference; fileEncoding = 4; lastKnownFileType = sourcecode.swift; path = MyOffersViewModel.swift; sourceTree = "<group>"; };
		B7330F812642F4E10014EA1C /* CreateOffer.swift */ = {isa = PBXFileReference; fileEncoding = 4; lastKnownFileType = sourcecode.swift; path = CreateOffer.swift; sourceTree = "<group>"; };
		B7330F822642F4E10014EA1C /* MyOfferView.swift */ = {isa = PBXFileReference; fileEncoding = 4; lastKnownFileType = sourcecode.swift; path = MyOfferView.swift; sourceTree = "<group>"; };
		B7330F832642F4E10014EA1C /* MyOfferItemView.swift */ = {isa = PBXFileReference; fileEncoding = 4; lastKnownFileType = sourcecode.swift; path = MyOfferItemView.swift; sourceTree = "<group>"; };
		B7330F842642F4E10014EA1C /* MyOffersListView.swift */ = {isa = PBXFileReference; fileEncoding = 4; lastKnownFileType = sourcecode.swift; path = MyOffersListView.swift; sourceTree = "<group>"; };
		B7330F872642F4E10014EA1C /* ProfileView.swift */ = {isa = PBXFileReference; fileEncoding = 4; lastKnownFileType = sourcecode.swift; path = ProfileView.swift; sourceTree = "<group>"; };
		B7330F882642F4E10014EA1C /* ProfileViewModel.swift */ = {isa = PBXFileReference; fileEncoding = 4; lastKnownFileType = sourcecode.swift; path = ProfileViewModel.swift; sourceTree = "<group>"; };
		B7330F8A2642F4E10014EA1C /* FavoriteListView.swift */ = {isa = PBXFileReference; fileEncoding = 4; lastKnownFileType = sourcecode.swift; path = FavoriteListView.swift; sourceTree = "<group>"; };
		B7330FA92642F50F0014EA1C /* Array+Identifiable.swift */ = {isa = PBXFileReference; fileEncoding = 4; lastKnownFileType = sourcecode.swift; path = "Array+Identifiable.swift"; sourceTree = "<group>"; };
		B7330FAE2642F5190014EA1C /* PreviewData.swift */ = {isa = PBXFileReference; fileEncoding = 4; lastKnownFileType = sourcecode.swift; path = PreviewData.swift; sourceTree = "<group>"; };
		B754A29A264BD31E00045DE4 /* FavoriteViewModel.swift */ = {isa = PBXFileReference; lastKnownFileType = sourcecode.swift; path = FavoriteViewModel.swift; sourceTree = "<group>"; };
		B776A1C5264FF84A00BBB4AC /* Media.swift */ = {isa = PBXFileReference; fileEncoding = 4; lastKnownFileType = sourcecode.swift; path = Media.swift; sourceTree = "<group>"; };
		B776A1CF264FFAF100BBB4AC /* UserDTO.swift */ = {isa = PBXFileReference; lastKnownFileType = sourcecode.swift; path = UserDTO.swift; sourceTree = "<group>"; };
		B776A1D7264FFBB900BBB4AC /* BrandDTO.swift */ = {isa = PBXFileReference; lastKnownFileType = sourcecode.swift; path = BrandDTO.swift; sourceTree = "<group>"; };
		B776A1DC264FFC2900BBB4AC /* SizeChartDTO.swift */ = {isa = PBXFileReference; lastKnownFileType = sourcecode.swift; path = SizeChartDTO.swift; sourceTree = "<group>"; };
		B776A1E12650007800BBB4AC /* ShoeDTO.swift */ = {isa = PBXFileReference; lastKnownFileType = sourcecode.swift; path = ShoeDTO.swift; sourceTree = "<group>"; };
		B776A1E62650043F00BBB4AC /* APIController.swift */ = {isa = PBXFileReference; lastKnownFileType = sourcecode.swift; path = APIController.swift; sourceTree = "<group>"; };
		B776A21626502E8000BBB4AC /* OfferDTO.swift */ = {isa = PBXFileReference; lastKnownFileType = sourcecode.swift; path = OfferDTO.swift; sourceTree = "<group>"; };
		B7A864F92642FAA3009E2191 /* ChatView.swift */ = {isa = PBXFileReference; lastKnownFileType = sourcecode.swift; path = ChatView.swift; sourceTree = "<group>"; };
		B7DAA32D2646E682007026B7 /* OffersListView.swift */ = {isa = PBXFileReference; lastKnownFileType = sourcecode.swift; path = OffersListView.swift; sourceTree = "<group>"; };
		B7DAA3362646E69E007026B7 /* OfferView.swift */ = {isa = PBXFileReference; lastKnownFileType = sourcecode.swift; path = OfferView.swift; sourceTree = "<group>"; };
		B7DAA34C2646EEA2007026B7 /* OffersViewModel.swift */ = {isa = PBXFileReference; lastKnownFileType = sourcecode.swift; path = OffersViewModel.swift; sourceTree = "<group>"; };
		B7DAA35F2646FBE3007026B7 /* OfferItemView.swift */ = {isa = PBXFileReference; lastKnownFileType = sourcecode.swift; path = OfferItemView.swift; sourceTree = "<group>"; };
		B7DAA3642646FCAB007026B7 /* OfferDetailView.swift */ = {isa = PBXFileReference; lastKnownFileType = sourcecode.swift; path = OfferDetailView.swift; sourceTree = "<group>"; };
		B7F2E8172642F34E00A43811 /* Droppyn.app */ = {isa = PBXFileReference; explicitFileType = wrapper.application; includeInIndex = 0; path = Droppyn.app; sourceTree = BUILT_PRODUCTS_DIR; };
		B7F2E81A2642F34E00A43811 /* DroppynApp.swift */ = {isa = PBXFileReference; lastKnownFileType = sourcecode.swift; path = DroppynApp.swift; sourceTree = "<group>"; };
		B7F2E81C2642F34E00A43811 /* ContentView.swift */ = {isa = PBXFileReference; lastKnownFileType = sourcecode.swift; path = ContentView.swift; sourceTree = "<group>"; };
		B7F2E81E2642F34F00A43811 /* Assets.xcassets */ = {isa = PBXFileReference; lastKnownFileType = folder.assetcatalog; path = Assets.xcassets; sourceTree = "<group>"; };
		B7F2E8212642F34F00A43811 /* Preview Assets.xcassets */ = {isa = PBXFileReference; lastKnownFileType = folder.assetcatalog; path = "Preview Assets.xcassets"; sourceTree = "<group>"; };
		B7F2E8232642F34F00A43811 /* Info.plist */ = {isa = PBXFileReference; lastKnownFileType = text.plist.xml; path = Info.plist; sourceTree = "<group>"; };
		B7F2E8282642F34F00A43811 /* DroppynTests.xctest */ = {isa = PBXFileReference; explicitFileType = wrapper.cfbundle; includeInIndex = 0; path = DroppynTests.xctest; sourceTree = BUILT_PRODUCTS_DIR; };
		B7F2E82C2642F34F00A43811 /* DroppynTests.swift */ = {isa = PBXFileReference; lastKnownFileType = sourcecode.swift; path = DroppynTests.swift; sourceTree = "<group>"; };
		B7F2E82E2642F34F00A43811 /* Info.plist */ = {isa = PBXFileReference; lastKnownFileType = text.plist.xml; path = Info.plist; sourceTree = "<group>"; };
		B7F2E8332642F34F00A43811 /* DroppynUITests.xctest */ = {isa = PBXFileReference; explicitFileType = wrapper.cfbundle; includeInIndex = 0; path = DroppynUITests.xctest; sourceTree = BUILT_PRODUCTS_DIR; };
		B7F2E8372642F34F00A43811 /* DroppynUITests.swift */ = {isa = PBXFileReference; lastKnownFileType = sourcecode.swift; path = DroppynUITests.swift; sourceTree = "<group>"; };
		B7F2E8392642F34F00A43811 /* Info.plist */ = {isa = PBXFileReference; lastKnownFileType = text.plist.xml; path = Info.plist; sourceTree = "<group>"; };
		B7FB3600264C2BE000F8F8CE /* CreateOfferViewModel.swift */ = {isa = PBXFileReference; lastKnownFileType = sourcecode.swift; path = CreateOfferViewModel.swift; sourceTree = "<group>"; };
		F1080233515FF75389EB9612 /* Pods-Droppyn.debug.xcconfig */ = {isa = PBXFileReference; includeInIndex = 1; lastKnownFileType = text.xcconfig; name = "Pods-Droppyn.debug.xcconfig"; path = "Target Support Files/Pods-Droppyn/Pods-Droppyn.debug.xcconfig"; sourceTree = "<group>"; };
		F4512A51BB091EE5A907D5EC /* Pods-Droppyn-DroppynUITests.debug.xcconfig */ = {isa = PBXFileReference; includeInIndex = 1; lastKnownFileType = text.xcconfig; name = "Pods-Droppyn-DroppynUITests.debug.xcconfig"; path = "Target Support Files/Pods-Droppyn-DroppynUITests/Pods-Droppyn-DroppynUITests.debug.xcconfig"; sourceTree = "<group>"; };
		F6C05F2ED20758FB2248C881 /* Pods-DroppynTests.release.xcconfig */ = {isa = PBXFileReference; includeInIndex = 1; lastKnownFileType = text.xcconfig; name = "Pods-DroppynTests.release.xcconfig"; path = "Target Support Files/Pods-DroppynTests/Pods-DroppynTests.release.xcconfig"; sourceTree = "<group>"; };
/* End PBXFileReference section */

/* Begin PBXFrameworksBuildPhase section */
		B7F2E8142642F34E00A43811 /* Frameworks */ = {
			isa = PBXFrameworksBuildPhase;
			buildActionMask = 2147483647;
			files = (
				BBCF42C8C61C59AB159D0541 /* Pods_Droppyn.framework in Frameworks */,
			);
			runOnlyForDeploymentPostprocessing = 0;
		};
		B7F2E8252642F34F00A43811 /* Frameworks */ = {
			isa = PBXFrameworksBuildPhase;
			buildActionMask = 2147483647;
			files = (
				A036AE290F44BD09BDE68CD0 /* Pods_DroppynTests.framework in Frameworks */,
			);
			runOnlyForDeploymentPostprocessing = 0;
		};
		B7F2E8302642F34F00A43811 /* Frameworks */ = {
			isa = PBXFrameworksBuildPhase;
			buildActionMask = 2147483647;
			files = (
				1FFDE34F875CF8A501D7FD56 /* Pods_Droppyn_DroppynUITests.framework in Frameworks */,
			);
			runOnlyForDeploymentPostprocessing = 0;
		};
/* End PBXFrameworksBuildPhase section */

/* Begin PBXGroup section */
		5F3FDE9F1703A67F5FA1C801 /* Frameworks */ = {
			isa = PBXGroup;
			children = (
				3963700B0A1898848BF60C88 /* Pods_Droppyn.framework */,
				0E294E7E31F9F0134F9E6CAB /* Pods_Droppyn_DroppynUITests.framework */,
				6A2280C7BD3B0D8B11D86791 /* Pods_DroppynTests.framework */,
			);
			name = Frameworks;
			sourceTree = "<group>";
		};
		654490385C930D21388AAF5F /* Pods */ = {
			isa = PBXGroup;
			children = (
				F1080233515FF75389EB9612 /* Pods-Droppyn.debug.xcconfig */,
				0AD2B07A346B1129ED259EC2 /* Pods-Droppyn.release.xcconfig */,
				F4512A51BB091EE5A907D5EC /* Pods-Droppyn-DroppynUITests.debug.xcconfig */,
				3ECCF2364F2D79B1E8257F05 /* Pods-Droppyn-DroppynUITests.release.xcconfig */,
				80F6763FDFE71317C833B702 /* Pods-DroppynTests.debug.xcconfig */,
				F6C05F2ED20758FB2248C881 /* Pods-DroppynTests.release.xcconfig */,
			);
			path = Pods;
			sourceTree = "<group>";
		};
		B7330F682642F4E10014EA1C /* Shop */ = {
			isa = PBXGroup;
			children = (
				B7330F692642F4E10014EA1C /* ShoeListViewModel.swift */,
				B7330F6A2642F4E10014EA1C /* Views */,
				B7DAA32C2646E5BD007026B7 /* Offers */,
			);
			path = Shop;
			sourceTree = "<group>";
		};
		B7330F6A2642F4E10014EA1C /* Views */ = {
			isa = PBXGroup;
			children = (
				B7330F6B2642F4E10014EA1C /* ShoeListView.swift */,
				B7330F6C2642F4E10014EA1C /* ShoeItemView.swift */,
				B7330F6D2642F4E10014EA1C /* ShoeOfferDetailView.swift */,
			);
			path = Views;
			sourceTree = "<group>";
		};
		B7330F6E2642F4E10014EA1C /* SizeChart */ = {
			isa = PBXGroup;
			children = (
				B7330F6F2642F4E10014EA1C /* SizeChartView.swift */,
				B7330F702642F4E10014EA1C /* SizeChartViewModel.swift */,
			);
			path = SizeChart;
			sourceTree = "<group>";
		};
		B7330F712642F4E10014EA1C /* Models */ = {
			isa = PBXGroup;
			children = (
				B776A1C5264FF84A00BBB4AC /* Media.swift */,
				B7330F722642F4E10014EA1C /* Shoe.swift */,
				B7330F752642F4E10014EA1C /* User.swift */,
				B7330F772642F4E10014EA1C /* SizeChart.swift */,
				B7330F792642F4E10014EA1C /* Brand.swift */,
				B7330F7A2642F4E10014EA1C /* Offer.swift */,
			);
			path = Models;
			sourceTree = "<group>";
		};
		B7330F7D2642F4E10014EA1C /* MyOffers */ = {
			isa = PBXGroup;
			children = (
				B7330F7F2642F4E10014EA1C /* MyOffersViewModel.swift */,
				B7FB3600264C2BE000F8F8CE /* CreateOfferViewModel.swift */,
				B7330F802642F4E10014EA1C /* Viewa */,
			);
			path = MyOffers;
			sourceTree = "<group>";
		};
		B7330F802642F4E10014EA1C /* Viewa */ = {
			isa = PBXGroup;
			children = (
				B7330F812642F4E10014EA1C /* CreateOffer.swift */,
				B7330F822642F4E10014EA1C /* MyOfferView.swift */,
				B7330F832642F4E10014EA1C /* MyOfferItemView.swift */,
				B7330F842642F4E10014EA1C /* MyOffersListView.swift */,
			);
			path = Viewa;
			sourceTree = "<group>";
		};
		B7330F852642F4E10014EA1C /* Profile */ = {
			isa = PBXGroup;
			children = (
				B7330F862642F4E10014EA1C /* Views */,
				B7330F882642F4E10014EA1C /* ProfileViewModel.swift */,
			);
			path = Profile;
			sourceTree = "<group>";
		};
		B7330F862642F4E10014EA1C /* Views */ = {
			isa = PBXGroup;
			children = (
				B7330F872642F4E10014EA1C /* ProfileView.swift */,
			);
			path = Views;
			sourceTree = "<group>";
		};
		B7330F892642F4E10014EA1C /* Favorite */ = {
			isa = PBXGroup;
			children = (
				B754A299264BD2FC00045DE4 /* Views */,
				B754A29A264BD31E00045DE4 /* FavoriteViewModel.swift */,
			);
			path = Favorite;
			sourceTree = "<group>";
		};
		B7330FA82642F50F0014EA1C /* Utills */ = {
			isa = PBXGroup;
			children = (
				B7330FA92642F50F0014EA1C /* Array+Identifiable.swift */,
			);
			name = Utills;
			path = SizeChart/Utills;
			sourceTree = "<group>";
		};
		B754A299264BD2FC00045DE4 /* Views */ = {
			isa = PBXGroup;
			children = (
				B7330F8A2642F4E10014EA1C /* FavoriteListView.swift */,
			);
			path = Views;
			sourceTree = "<group>";
		};
		B776A1CD264FFADA00BBB4AC /* Network */ = {
			isa = PBXGroup;
			children = (
				B776A1CE264FFAE200BBB4AC /* DTO */,
				B776A1E62650043F00BBB4AC /* APIController.swift */,
			);
			path = Network;
			sourceTree = "<group>";
		};
		B776A1CE264FFAE200BBB4AC /* DTO */ = {
			isa = PBXGroup;
			children = (
				B776A1CF264FFAF100BBB4AC /* UserDTO.swift */,
				B776A1D7264FFBB900BBB4AC /* BrandDTO.swift */,
				B776A1DC264FFC2900BBB4AC /* SizeChartDTO.swift */,
				B776A1E12650007800BBB4AC /* ShoeDTO.swift */,
				B776A21626502E8000BBB4AC /* OfferDTO.swift */,
			);
			path = DTO;
			sourceTree = "<group>";
		};
		B7A864F02642FA71009E2191 /* Chat */ = {
			isa = PBXGroup;
			children = (
				B7A864F92642FAA3009E2191 /* ChatView.swift */,
			);
			path = Chat;
			sourceTree = "<group>";
		};
		B7DAA32C2646E5BD007026B7 /* Offers */ = {
			isa = PBXGroup;
			children = (
				B7DAA3352646E691007026B7 /* View */,
				B7DAA34C2646EEA2007026B7 /* OffersViewModel.swift */,
			);
			path = Offers;
			sourceTree = "<group>";
		};
		B7DAA3352646E691007026B7 /* View */ = {
			isa = PBXGroup;
			children = (
				B7DAA32D2646E682007026B7 /* OffersListView.swift */,
				B7DAA3362646E69E007026B7 /* OfferView.swift */,
				B7DAA35F2646FBE3007026B7 /* OfferItemView.swift */,
				B7DAA3642646FCAB007026B7 /* OfferDetailView.swift */,
			);
			path = View;
			sourceTree = "<group>";
		};
		B7F2E80E2642F34E00A43811 = {
			isa = PBXGroup;
			children = (
				B7F2E8192642F34E00A43811 /* Droppyn */,
				B7F2E82B2642F34F00A43811 /* DroppynTests */,
				B7F2E8362642F34F00A43811 /* DroppynUITests */,
				B7F2E8182642F34E00A43811 /* Products */,
				654490385C930D21388AAF5F /* Pods */,
				5F3FDE9F1703A67F5FA1C801 /* Frameworks */,
			);
			sourceTree = "<group>";
		};
		B7F2E8182642F34E00A43811 /* Products */ = {
			isa = PBXGroup;
			children = (
				B7F2E8172642F34E00A43811 /* Droppyn.app */,
				B7F2E8282642F34F00A43811 /* DroppynTests.xctest */,
				B7F2E8332642F34F00A43811 /* DroppynUITests.xctest */,
			);
			name = Products;
			sourceTree = "<group>";
		};
		B7F2E8192642F34E00A43811 /* Droppyn */ = {
			isa = PBXGroup;
			children = (
				B776A1CD264FFADA00BBB4AC /* Network */,
				B7A864F02642FA71009E2191 /* Chat */,
				B7330F892642F4E10014EA1C /* Favorite */,
				B7330F712642F4E10014EA1C /* Models */,
				B7330F7D2642F4E10014EA1C /* MyOffers */,
				B7330F852642F4E10014EA1C /* Profile */,
				B7330F682642F4E10014EA1C /* Shop */,
				B7330F6E2642F4E10014EA1C /* SizeChart */,
				B7330FA82642F50F0014EA1C /* Utills */,
				B7F2E81A2642F34E00A43811 /* DroppynApp.swift */,
				B7F2E81C2642F34E00A43811 /* ContentView.swift */,
				B7F2E81E2642F34F00A43811 /* Assets.xcassets */,
				B7F2E8232642F34F00A43811 /* Info.plist */,
				B71067372646B5F000CB65EF /* GoogleService-Info.plist */,
				B7F2E8202642F34F00A43811 /* Preview Content */,
			);
			path = Droppyn;
			sourceTree = "<group>";
		};
		B7F2E8202642F34F00A43811 /* Preview Content */ = {
			isa = PBXGroup;
			children = (
				B7330FAE2642F5190014EA1C /* PreviewData.swift */,
				B7F2E8212642F34F00A43811 /* Preview Assets.xcassets */,
			);
			path = "Preview Content";
			sourceTree = "<group>";
		};
		B7F2E82B2642F34F00A43811 /* DroppynTests */ = {
			isa = PBXGroup;
			children = (
				B7F2E82C2642F34F00A43811 /* DroppynTests.swift */,
				B7F2E82E2642F34F00A43811 /* Info.plist */,
			);
			path = DroppynTests;
			sourceTree = "<group>";
		};
		B7F2E8362642F34F00A43811 /* DroppynUITests */ = {
			isa = PBXGroup;
			children = (
				B7F2E8372642F34F00A43811 /* DroppynUITests.swift */,
				B7F2E8392642F34F00A43811 /* Info.plist */,
			);
			path = DroppynUITests;
			sourceTree = "<group>";
		};
/* End PBXGroup section */

/* Begin PBXNativeTarget section */
		B7F2E8162642F34E00A43811 /* Droppyn */ = {
			isa = PBXNativeTarget;
			buildConfigurationList = B7F2E83C2642F34F00A43811 /* Build configuration list for PBXNativeTarget "Droppyn" */;
			buildPhases = (
				30AB0204CD0A7B42DEB769ED /* [CP] Check Pods Manifest.lock */,
				B7F2E8132642F34E00A43811 /* Sources */,
				B7F2E8142642F34E00A43811 /* Frameworks */,
				B7F2E8152642F34E00A43811 /* Resources */,
				C71ACD6D734233681D179C9C /* [CP] Embed Pods Frameworks */,
			);
			buildRules = (
			);
			dependencies = (
			);
			name = Droppyn;
			productName = Droppyn;
			productReference = B7F2E8172642F34E00A43811 /* Droppyn.app */;
			productType = "com.apple.product-type.application";
		};
		B7F2E8272642F34F00A43811 /* DroppynTests */ = {
			isa = PBXNativeTarget;
			buildConfigurationList = B7F2E83F2642F34F00A43811 /* Build configuration list for PBXNativeTarget "DroppynTests" */;
			buildPhases = (
				4AB2BB8D668D0F636E062374 /* [CP] Check Pods Manifest.lock */,
				B7F2E8242642F34F00A43811 /* Sources */,
				B7F2E8252642F34F00A43811 /* Frameworks */,
				B7F2E8262642F34F00A43811 /* Resources */,
			);
			buildRules = (
			);
			dependencies = (
				B7F2E82A2642F34F00A43811 /* PBXTargetDependency */,
			);
			name = DroppynTests;
			productName = DroppynTests;
			productReference = B7F2E8282642F34F00A43811 /* DroppynTests.xctest */;
			productType = "com.apple.product-type.bundle.unit-test";
		};
		B7F2E8322642F34F00A43811 /* DroppynUITests */ = {
			isa = PBXNativeTarget;
			buildConfigurationList = B7F2E8422642F34F00A43811 /* Build configuration list for PBXNativeTarget "DroppynUITests" */;
			buildPhases = (
				86D77D290F14D205CE0748A1 /* [CP] Check Pods Manifest.lock */,
				B7F2E82F2642F34F00A43811 /* Sources */,
				B7F2E8302642F34F00A43811 /* Frameworks */,
				B7F2E8312642F34F00A43811 /* Resources */,
				6284A47948ABEEA0BD94B6F7 /* [CP] Embed Pods Frameworks */,
			);
			buildRules = (
			);
			dependencies = (
				B7F2E8352642F34F00A43811 /* PBXTargetDependency */,
			);
			name = DroppynUITests;
			productName = DroppynUITests;
			productReference = B7F2E8332642F34F00A43811 /* DroppynUITests.xctest */;
			productType = "com.apple.product-type.bundle.ui-testing";
		};
/* End PBXNativeTarget section */

/* Begin PBXProject section */
		B7F2E80F2642F34E00A43811 /* Project object */ = {
			isa = PBXProject;
			attributes = {
				LastSwiftUpdateCheck = 1210;
				LastUpgradeCheck = 1210;
				TargetAttributes = {
					B7F2E8162642F34E00A43811 = {
						CreatedOnToolsVersion = 12.1;
					};
					B7F2E8272642F34F00A43811 = {
						CreatedOnToolsVersion = 12.1;
						TestTargetID = B7F2E8162642F34E00A43811;
					};
					B7F2E8322642F34F00A43811 = {
						CreatedOnToolsVersion = 12.1;
						TestTargetID = B7F2E8162642F34E00A43811;
					};
				};
			};
			buildConfigurationList = B7F2E8122642F34E00A43811 /* Build configuration list for PBXProject "Droppyn" */;
			compatibilityVersion = "Xcode 9.3";
			developmentRegion = en;
			hasScannedForEncodings = 0;
			knownRegions = (
				en,
				Base,
			);
			mainGroup = B7F2E80E2642F34E00A43811;
			productRefGroup = B7F2E8182642F34E00A43811 /* Products */;
			projectDirPath = "";
			projectRoot = "";
			targets = (
				B7F2E8162642F34E00A43811 /* Droppyn */,
				B7F2E8272642F34F00A43811 /* DroppynTests */,
				B7F2E8322642F34F00A43811 /* DroppynUITests */,
			);
		};
/* End PBXProject section */

/* Begin PBXResourcesBuildPhase section */
		B7F2E8152642F34E00A43811 /* Resources */ = {
			isa = PBXResourcesBuildPhase;
			buildActionMask = 2147483647;
			files = (
				B7F2E8222642F34F00A43811 /* Preview Assets.xcassets in Resources */,
				B7F2E81F2642F34F00A43811 /* Assets.xcassets in Resources */,
				B71067382646B5F000CB65EF /* GoogleService-Info.plist in Resources */,
			);
			runOnlyForDeploymentPostprocessing = 0;
		};
		B7F2E8262642F34F00A43811 /* Resources */ = {
			isa = PBXResourcesBuildPhase;
			buildActionMask = 2147483647;
			files = (
			);
			runOnlyForDeploymentPostprocessing = 0;
		};
		B7F2E8312642F34F00A43811 /* Resources */ = {
			isa = PBXResourcesBuildPhase;
			buildActionMask = 2147483647;
			files = (
			);
			runOnlyForDeploymentPostprocessing = 0;
		};
/* End PBXResourcesBuildPhase section */

/* Begin PBXShellScriptBuildPhase section */
		30AB0204CD0A7B42DEB769ED /* [CP] Check Pods Manifest.lock */ = {
			isa = PBXShellScriptBuildPhase;
			buildActionMask = 2147483647;
			files = (
			);
			inputFileListPaths = (
			);
			inputPaths = (
				"${PODS_PODFILE_DIR_PATH}/Podfile.lock",
				"${PODS_ROOT}/Manifest.lock",
			);
			name = "[CP] Check Pods Manifest.lock";
			outputFileListPaths = (
			);
			outputPaths = (
				"$(DERIVED_FILE_DIR)/Pods-Droppyn-checkManifestLockResult.txt",
			);
			runOnlyForDeploymentPostprocessing = 0;
			shellPath = /bin/sh;
			shellScript = "diff \"${PODS_PODFILE_DIR_PATH}/Podfile.lock\" \"${PODS_ROOT}/Manifest.lock\" > /dev/null\nif [ $? != 0 ] ; then\n    # print error to STDERR\n    echo \"error: The sandbox is not in sync with the Podfile.lock. Run 'pod install' or update your CocoaPods installation.\" >&2\n    exit 1\nfi\n# This output is used by Xcode 'outputs' to avoid re-running this script phase.\necho \"SUCCESS\" > \"${SCRIPT_OUTPUT_FILE_0}\"\n";
			showEnvVarsInLog = 0;
		};
		4AB2BB8D668D0F636E062374 /* [CP] Check Pods Manifest.lock */ = {
			isa = PBXShellScriptBuildPhase;
			buildActionMask = 2147483647;
			files = (
			);
			inputFileListPaths = (
			);
			inputPaths = (
				"${PODS_PODFILE_DIR_PATH}/Podfile.lock",
				"${PODS_ROOT}/Manifest.lock",
			);
			name = "[CP] Check Pods Manifest.lock";
			outputFileListPaths = (
			);
			outputPaths = (
				"$(DERIVED_FILE_DIR)/Pods-DroppynTests-checkManifestLockResult.txt",
			);
			runOnlyForDeploymentPostprocessing = 0;
			shellPath = /bin/sh;
			shellScript = "diff \"${PODS_PODFILE_DIR_PATH}/Podfile.lock\" \"${PODS_ROOT}/Manifest.lock\" > /dev/null\nif [ $? != 0 ] ; then\n    # print error to STDERR\n    echo \"error: The sandbox is not in sync with the Podfile.lock. Run 'pod install' or update your CocoaPods installation.\" >&2\n    exit 1\nfi\n# This output is used by Xcode 'outputs' to avoid re-running this script phase.\necho \"SUCCESS\" > \"${SCRIPT_OUTPUT_FILE_0}\"\n";
			showEnvVarsInLog = 0;
		};
		6284A47948ABEEA0BD94B6F7 /* [CP] Embed Pods Frameworks */ = {
			isa = PBXShellScriptBuildPhase;
			buildActionMask = 2147483647;
			files = (
			);
			inputFileListPaths = (
				"${PODS_ROOT}/Target Support Files/Pods-Droppyn-DroppynUITests/Pods-Droppyn-DroppynUITests-frameworks-${CONFIGURATION}-input-files.xcfilelist",
			);
			name = "[CP] Embed Pods Frameworks";
			outputFileListPaths = (
				"${PODS_ROOT}/Target Support Files/Pods-Droppyn-DroppynUITests/Pods-Droppyn-DroppynUITests-frameworks-${CONFIGURATION}-output-files.xcfilelist",
			);
			runOnlyForDeploymentPostprocessing = 0;
			shellPath = /bin/sh;
			shellScript = "\"${PODS_ROOT}/Target Support Files/Pods-Droppyn-DroppynUITests/Pods-Droppyn-DroppynUITests-frameworks.sh\"\n";
			showEnvVarsInLog = 0;
		};
		86D77D290F14D205CE0748A1 /* [CP] Check Pods Manifest.lock */ = {
			isa = PBXShellScriptBuildPhase;
			buildActionMask = 2147483647;
			files = (
			);
			inputFileListPaths = (
			);
			inputPaths = (
				"${PODS_PODFILE_DIR_PATH}/Podfile.lock",
				"${PODS_ROOT}/Manifest.lock",
			);
			name = "[CP] Check Pods Manifest.lock";
			outputFileListPaths = (
			);
			outputPaths = (
				"$(DERIVED_FILE_DIR)/Pods-Droppyn-DroppynUITests-checkManifestLockResult.txt",
			);
			runOnlyForDeploymentPostprocessing = 0;
			shellPath = /bin/sh;
			shellScript = "diff \"${PODS_PODFILE_DIR_PATH}/Podfile.lock\" \"${PODS_ROOT}/Manifest.lock\" > /dev/null\nif [ $? != 0 ] ; then\n    # print error to STDERR\n    echo \"error: The sandbox is not in sync with the Podfile.lock. Run 'pod install' or update your CocoaPods installation.\" >&2\n    exit 1\nfi\n# This output is used by Xcode 'outputs' to avoid re-running this script phase.\necho \"SUCCESS\" > \"${SCRIPT_OUTPUT_FILE_0}\"\n";
			showEnvVarsInLog = 0;
		};
		C71ACD6D734233681D179C9C /* [CP] Embed Pods Frameworks */ = {
			isa = PBXShellScriptBuildPhase;
			buildActionMask = 2147483647;
			files = (
			);
			inputFileListPaths = (
				"${PODS_ROOT}/Target Support Files/Pods-Droppyn/Pods-Droppyn-frameworks-${CONFIGURATION}-input-files.xcfilelist",
			);
			name = "[CP] Embed Pods Frameworks";
			outputFileListPaths = (
				"${PODS_ROOT}/Target Support Files/Pods-Droppyn/Pods-Droppyn-frameworks-${CONFIGURATION}-output-files.xcfilelist",
			);
			runOnlyForDeploymentPostprocessing = 0;
			shellPath = /bin/sh;
			shellScript = "\"${PODS_ROOT}/Target Support Files/Pods-Droppyn/Pods-Droppyn-frameworks.sh\"\n";
			showEnvVarsInLog = 0;
		};
/* End PBXShellScriptBuildPhase section */

/* Begin PBXSourcesBuildPhase section */
		B7F2E8132642F34E00A43811 /* Sources */ = {
			isa = PBXSourcesBuildPhase;
			buildActionMask = 2147483647;
			files = (
				B7330F8E2642F4E10014EA1C /* ShoeOfferDetailView.swift in Sources */,
				B7DAA34D2646EEA2007026B7 /* OffersViewModel.swift in Sources */,
				B7DAA3372646E69E007026B7 /* OfferView.swift in Sources */,
				B776A1D0264FFAF100BBB4AC /* UserDTO.swift in Sources */,
				B7330FA02642F4E10014EA1C /* MyOfferItemView.swift in Sources */,
				B7330FA32642F4E10014EA1C /* ProfileViewModel.swift in Sources */,
				B7F2E81D2642F34E00A43811 /* ContentView.swift in Sources */,
				B776A1C6264FF84A00BBB4AC /* Media.swift in Sources */,
				B7330F8B2642F4E10014EA1C /* ShoeListViewModel.swift in Sources */,
				B7330F9F2642F4E10014EA1C /* MyOfferView.swift in Sources */,
				B7330F9E2642F4E10014EA1C /* CreateOffer.swift in Sources */,
				B7330FA12642F4E10014EA1C /* MyOffersListView.swift in Sources */,
				B7F2E81B2642F34E00A43811 /* DroppynApp.swift in Sources */,
				B7330F902642F4E10014EA1C /* SizeChartViewModel.swift in Sources */,
				B776A1E72650043F00BBB4AC /* APIController.swift in Sources */,
				B7330F9D2642F4E10014EA1C /* MyOffersViewModel.swift in Sources */,
				B776A21726502E8000BBB4AC /* OfferDTO.swift in Sources */,
				B7330FA22642F4E10014EA1C /* ProfileView.swift in Sources */,
				B7330FAA2642F50F0014EA1C /* Array+Identifiable.swift in Sources */,
				B7330FA42642F4E10014EA1C /* FavoriteListView.swift in Sources */,
				B776A1E22650007800BBB4AC /* ShoeDTO.swift in Sources */,
				B7330F8F2642F4E10014EA1C /* SizeChartView.swift in Sources */,
				B7330FAF2642F5190014EA1C /* PreviewData.swift in Sources */,
				B754A29B264BD31E00045DE4 /* FavoriteViewModel.swift in Sources */,
				B776A1DD264FFC2900BBB4AC /* SizeChartDTO.swift in Sources */,
				B7DAA3652646FCAB007026B7 /* OfferDetailView.swift in Sources */,
				B7A864FA2642FAA3009E2191 /* ChatView.swift in Sources */,
				B7330F912642F4E10014EA1C /* Shoe.swift in Sources */,
				B7330F962642F4E10014EA1C /* SizeChart.swift in Sources */,
				B7330F992642F4E10014EA1C /* Offer.swift in Sources */,
				B7DAA3602646FBE3007026B7 /* OfferItemView.swift in Sources */,
				B776A1D8264FFBB900BBB4AC /* BrandDTO.swift in Sources */,
				B7330F942642F4E10014EA1C /* User.swift in Sources */,
				B7330F8D2642F4E10014EA1C /* ShoeItemView.swift in Sources */,
				B7DAA32E2646E682007026B7 /* OffersListView.swift in Sources */,
				B7330F982642F4E10014EA1C /* Brand.swift in Sources */,
				B7330F8C2642F4E10014EA1C /* ShoeListView.swift in Sources */,
				B7FB3601264C2BE000F8F8CE /* CreateOfferViewModel.swift in Sources */,
			);
			runOnlyForDeploymentPostprocessing = 0;
		};
		B7F2E8242642F34F00A43811 /* Sources */ = {
			isa = PBXSourcesBuildPhase;
			buildActionMask = 2147483647;
			files = (
				B7F2E82D2642F34F00A43811 /* DroppynTests.swift in Sources */,
			);
			runOnlyForDeploymentPostprocessing = 0;
		};
		B7F2E82F2642F34F00A43811 /* Sources */ = {
			isa = PBXSourcesBuildPhase;
			buildActionMask = 2147483647;
			files = (
				B7F2E8382642F34F00A43811 /* DroppynUITests.swift in Sources */,
			);
			runOnlyForDeploymentPostprocessing = 0;
		};
/* End PBXSourcesBuildPhase section */

/* Begin PBXTargetDependency section */
		B7F2E82A2642F34F00A43811 /* PBXTargetDependency */ = {
			isa = PBXTargetDependency;
			target = B7F2E8162642F34E00A43811 /* Droppyn */;
			targetProxy = B7F2E8292642F34F00A43811 /* PBXContainerItemProxy */;
		};
		B7F2E8352642F34F00A43811 /* PBXTargetDependency */ = {
			isa = PBXTargetDependency;
			target = B7F2E8162642F34E00A43811 /* Droppyn */;
			targetProxy = B7F2E8342642F34F00A43811 /* PBXContainerItemProxy */;
		};
/* End PBXTargetDependency section */

/* Begin XCBuildConfiguration section */
		B7F2E83A2642F34F00A43811 /* Debug */ = {
			isa = XCBuildConfiguration;
			buildSettings = {
				ALWAYS_SEARCH_USER_PATHS = NO;
				CLANG_ANALYZER_NONNULL = YES;
				CLANG_ANALYZER_NUMBER_OBJECT_CONVERSION = YES_AGGRESSIVE;
				CLANG_CXX_LANGUAGE_STANDARD = "gnu++14";
				CLANG_CXX_LIBRARY = "libc++";
				CLANG_ENABLE_MODULES = YES;
				CLANG_ENABLE_OBJC_ARC = YES;
				CLANG_ENABLE_OBJC_WEAK = YES;
				CLANG_WARN_BLOCK_CAPTURE_AUTORELEASING = YES;
				CLANG_WARN_BOOL_CONVERSION = YES;
				CLANG_WARN_COMMA = YES;
				CLANG_WARN_CONSTANT_CONVERSION = YES;
				CLANG_WARN_DEPRECATED_OBJC_IMPLEMENTATIONS = YES;
				CLANG_WARN_DIRECT_OBJC_ISA_USAGE = YES_ERROR;
				CLANG_WARN_DOCUMENTATION_COMMENTS = YES;
				CLANG_WARN_EMPTY_BODY = YES;
				CLANG_WARN_ENUM_CONVERSION = YES;
				CLANG_WARN_INFINITE_RECURSION = YES;
				CLANG_WARN_INT_CONVERSION = YES;
				CLANG_WARN_NON_LITERAL_NULL_CONVERSION = YES;
				CLANG_WARN_OBJC_IMPLICIT_RETAIN_SELF = YES;
				CLANG_WARN_OBJC_LITERAL_CONVERSION = YES;
				CLANG_WARN_OBJC_ROOT_CLASS = YES_ERROR;
				CLANG_WARN_QUOTED_INCLUDE_IN_FRAMEWORK_HEADER = YES;
				CLANG_WARN_RANGE_LOOP_ANALYSIS = YES;
				CLANG_WARN_STRICT_PROTOTYPES = YES;
				CLANG_WARN_SUSPICIOUS_MOVE = YES;
				CLANG_WARN_UNGUARDED_AVAILABILITY = YES_AGGRESSIVE;
				CLANG_WARN_UNREACHABLE_CODE = YES;
				CLANG_WARN__DUPLICATE_METHOD_MATCH = YES;
				COPY_PHASE_STRIP = NO;
				DEBUG_INFORMATION_FORMAT = dwarf;
				ENABLE_STRICT_OBJC_MSGSEND = YES;
				ENABLE_TESTABILITY = YES;
				GCC_C_LANGUAGE_STANDARD = gnu11;
				GCC_DYNAMIC_NO_PIC = NO;
				GCC_NO_COMMON_BLOCKS = YES;
				GCC_OPTIMIZATION_LEVEL = 0;
				GCC_PREPROCESSOR_DEFINITIONS = (
					"DEBUG=1",
					"$(inherited)",
				);
				GCC_WARN_64_TO_32_BIT_CONVERSION = YES;
				GCC_WARN_ABOUT_RETURN_TYPE = YES_ERROR;
				GCC_WARN_UNDECLARED_SELECTOR = YES;
				GCC_WARN_UNINITIALIZED_AUTOS = YES_AGGRESSIVE;
				GCC_WARN_UNUSED_FUNCTION = YES;
				GCC_WARN_UNUSED_VARIABLE = YES;
				IPHONEOS_DEPLOYMENT_TARGET = 14.1;
				MTL_ENABLE_DEBUG_INFO = INCLUDE_SOURCE;
				MTL_FAST_MATH = YES;
				ONLY_ACTIVE_ARCH = YES;
				SDKROOT = iphoneos;
				SWIFT_ACTIVE_COMPILATION_CONDITIONS = DEBUG;
				SWIFT_OPTIMIZATION_LEVEL = "-Onone";
			};
			name = Debug;
		};
		B7F2E83B2642F34F00A43811 /* Release */ = {
			isa = XCBuildConfiguration;
			buildSettings = {
				ALWAYS_SEARCH_USER_PATHS = NO;
				CLANG_ANALYZER_NONNULL = YES;
				CLANG_ANALYZER_NUMBER_OBJECT_CONVERSION = YES_AGGRESSIVE;
				CLANG_CXX_LANGUAGE_STANDARD = "gnu++14";
				CLANG_CXX_LIBRARY = "libc++";
				CLANG_ENABLE_MODULES = YES;
				CLANG_ENABLE_OBJC_ARC = YES;
				CLANG_ENABLE_OBJC_WEAK = YES;
				CLANG_WARN_BLOCK_CAPTURE_AUTORELEASING = YES;
				CLANG_WARN_BOOL_CONVERSION = YES;
				CLANG_WARN_COMMA = YES;
				CLANG_WARN_CONSTANT_CONVERSION = YES;
				CLANG_WARN_DEPRECATED_OBJC_IMPLEMENTATIONS = YES;
				CLANG_WARN_DIRECT_OBJC_ISA_USAGE = YES_ERROR;
				CLANG_WARN_DOCUMENTATION_COMMENTS = YES;
				CLANG_WARN_EMPTY_BODY = YES;
				CLANG_WARN_ENUM_CONVERSION = YES;
				CLANG_WARN_INFINITE_RECURSION = YES;
				CLANG_WARN_INT_CONVERSION = YES;
				CLANG_WARN_NON_LITERAL_NULL_CONVERSION = YES;
				CLANG_WARN_OBJC_IMPLICIT_RETAIN_SELF = YES;
				CLANG_WARN_OBJC_LITERAL_CONVERSION = YES;
				CLANG_WARN_OBJC_ROOT_CLASS = YES_ERROR;
				CLANG_WARN_QUOTED_INCLUDE_IN_FRAMEWORK_HEADER = YES;
				CLANG_WARN_RANGE_LOOP_ANALYSIS = YES;
				CLANG_WARN_STRICT_PROTOTYPES = YES;
				CLANG_WARN_SUSPICIOUS_MOVE = YES;
				CLANG_WARN_UNGUARDED_AVAILABILITY = YES_AGGRESSIVE;
				CLANG_WARN_UNREACHABLE_CODE = YES;
				CLANG_WARN__DUPLICATE_METHOD_MATCH = YES;
				COPY_PHASE_STRIP = NO;
				DEBUG_INFORMATION_FORMAT = "dwarf-with-dsym";
				ENABLE_NS_ASSERTIONS = NO;
				ENABLE_STRICT_OBJC_MSGSEND = YES;
				GCC_C_LANGUAGE_STANDARD = gnu11;
				GCC_NO_COMMON_BLOCKS = YES;
				GCC_WARN_64_TO_32_BIT_CONVERSION = YES;
				GCC_WARN_ABOUT_RETURN_TYPE = YES_ERROR;
				GCC_WARN_UNDECLARED_SELECTOR = YES;
				GCC_WARN_UNINITIALIZED_AUTOS = YES_AGGRESSIVE;
				GCC_WARN_UNUSED_FUNCTION = YES;
				GCC_WARN_UNUSED_VARIABLE = YES;
				IPHONEOS_DEPLOYMENT_TARGET = 14.1;
				MTL_ENABLE_DEBUG_INFO = NO;
				MTL_FAST_MATH = YES;
				SDKROOT = iphoneos;
				SWIFT_COMPILATION_MODE = wholemodule;
				SWIFT_OPTIMIZATION_LEVEL = "-O";
				VALIDATE_PRODUCT = YES;
			};
			name = Release;
		};
		B7F2E83D2642F34F00A43811 /* Debug */ = {
			isa = XCBuildConfiguration;
			baseConfigurationReference = F1080233515FF75389EB9612 /* Pods-Droppyn.debug.xcconfig */;
			buildSettings = {
				ASSETCATALOG_COMPILER_APPICON_NAME = AppIcon;
				ASSETCATALOG_COMPILER_GLOBAL_ACCENT_COLOR_NAME = AccentColor;
				CODE_SIGN_STYLE = Automatic;
				DEVELOPMENT_ASSET_PATHS = "\"Droppyn/Preview Content\"";
				DEVELOPMENT_TEAM = 2C9T573ZCP;
				ENABLE_PREVIEWS = YES;
				INFOPLIST_FILE = Droppyn/Info.plist;
				IPHONEOS_DEPLOYMENT_TARGET = 14.0;
				LD_RUNPATH_SEARCH_PATHS = (
					"$(inherited)",
					"@executable_path/Frameworks",
				);
				PRODUCT_BUNDLE_IDENTIFIER = com.Droppyn;
				PRODUCT_NAME = "$(TARGET_NAME)";
				SWIFT_VERSION = 5.0;
				TARGETED_DEVICE_FAMILY = "1,2";
			};
			name = Debug;
		};
		B7F2E83E2642F34F00A43811 /* Release */ = {
			isa = XCBuildConfiguration;
			baseConfigurationReference = 0AD2B07A346B1129ED259EC2 /* Pods-Droppyn.release.xcconfig */;
			buildSettings = {
				ASSETCATALOG_COMPILER_APPICON_NAME = AppIcon;
				ASSETCATALOG_COMPILER_GLOBAL_ACCENT_COLOR_NAME = AccentColor;
				CODE_SIGN_STYLE = Automatic;
				DEVELOPMENT_ASSET_PATHS = "\"Droppyn/Preview Content\"";
				DEVELOPMENT_TEAM = 2C9T573ZCP;
				ENABLE_PREVIEWS = YES;
				INFOPLIST_FILE = Droppyn/Info.plist;
				IPHONEOS_DEPLOYMENT_TARGET = 14.0;
				LD_RUNPATH_SEARCH_PATHS = (
					"$(inherited)",
					"@executable_path/Frameworks",
				);
				PRODUCT_BUNDLE_IDENTIFIER = com.Droppyn;
				PRODUCT_NAME = "$(TARGET_NAME)";
				SWIFT_VERSION = 5.0;
				TARGETED_DEVICE_FAMILY = "1,2";
			};
			name = Release;
		};
		B7F2E8402642F34F00A43811 /* Debug */ = {
			isa = XCBuildConfiguration;
			baseConfigurationReference = 80F6763FDFE71317C833B702 /* Pods-DroppynTests.debug.xcconfig */;
			buildSettings = {
				ALWAYS_EMBED_SWIFT_STANDARD_LIBRARIES = YES;
				BUNDLE_LOADER = "$(TEST_HOST)";
				CODE_SIGN_STYLE = Automatic;
				DEVELOPMENT_TEAM = 2C9T573ZCP;
				INFOPLIST_FILE = DroppynTests/Info.plist;
				IPHONEOS_DEPLOYMENT_TARGET = 14.0;
				LD_RUNPATH_SEARCH_PATHS = (
					"$(inherited)",
					"@executable_path/Frameworks",
					"@loader_path/Frameworks",
				);
				PRODUCT_BUNDLE_IDENTIFIER = com.DroppynTests;
				PRODUCT_NAME = "$(TARGET_NAME)";
				SWIFT_VERSION = 5.0;
				TARGETED_DEVICE_FAMILY = "1,2";
				TEST_HOST = "$(BUILT_PRODUCTS_DIR)/Droppyn.app/Droppyn";
			};
			name = Debug;
		};
		B7F2E8412642F34F00A43811 /* Release */ = {
			isa = XCBuildConfiguration;
			baseConfigurationReference = F6C05F2ED20758FB2248C881 /* Pods-DroppynTests.release.xcconfig */;
			buildSettings = {
				ALWAYS_EMBED_SWIFT_STANDARD_LIBRARIES = YES;
				BUNDLE_LOADER = "$(TEST_HOST)";
				CODE_SIGN_STYLE = Automatic;
				DEVELOPMENT_TEAM = 2C9T573ZCP;
				INFOPLIST_FILE = DroppynTests/Info.plist;
				IPHONEOS_DEPLOYMENT_TARGET = 14.0;
				LD_RUNPATH_SEARCH_PATHS = (
					"$(inherited)",
					"@executable_path/Frameworks",
					"@loader_path/Frameworks",
				);
				PRODUCT_BUNDLE_IDENTIFIER = com.DroppynTests;
				PRODUCT_NAME = "$(TARGET_NAME)";
				SWIFT_VERSION = 5.0;
				TARGETED_DEVICE_FAMILY = "1,2";
				TEST_HOST = "$(BUILT_PRODUCTS_DIR)/Droppyn.app/Droppyn";
			};
			name = Release;
		};
		B7F2E8432642F34F00A43811 /* Debug */ = {
			isa = XCBuildConfiguration;
			baseConfigurationReference = F4512A51BB091EE5A907D5EC /* Pods-Droppyn-DroppynUITests.debug.xcconfig */;
			buildSettings = {
				ALWAYS_EMBED_SWIFT_STANDARD_LIBRARIES = YES;
				CODE_SIGN_STYLE = Automatic;
				DEVELOPMENT_TEAM = 2C9T573ZCP;
				INFOPLIST_FILE = DroppynUITests/Info.plist;
				LD_RUNPATH_SEARCH_PATHS = (
					"$(inherited)",
					"@executable_path/Frameworks",
					"@loader_path/Frameworks",
				);
				PRODUCT_BUNDLE_IDENTIFIER = com.DroppynUITests;
				PRODUCT_NAME = "$(TARGET_NAME)";
				SWIFT_VERSION = 5.0;
				TARGETED_DEVICE_FAMILY = "1,2";
				TEST_TARGET_NAME = Droppyn;
			};
			name = Debug;
		};
		B7F2E8442642F34F00A43811 /* Release */ = {
			isa = XCBuildConfiguration;
			baseConfigurationReference = 3ECCF2364F2D79B1E8257F05 /* Pods-Droppyn-DroppynUITests.release.xcconfig */;
			buildSettings = {
				ALWAYS_EMBED_SWIFT_STANDARD_LIBRARIES = YES;
				CODE_SIGN_STYLE = Automatic;
				DEVELOPMENT_TEAM = 2C9T573ZCP;
				INFOPLIST_FILE = DroppynUITests/Info.plist;
				LD_RUNPATH_SEARCH_PATHS = (
					"$(inherited)",
					"@executable_path/Frameworks",
					"@loader_path/Frameworks",
				);
				PRODUCT_BUNDLE_IDENTIFIER = com.DroppynUITests;
				PRODUCT_NAME = "$(TARGET_NAME)";
				SWIFT_VERSION = 5.0;
				TARGETED_DEVICE_FAMILY = "1,2";
				TEST_TARGET_NAME = Droppyn;
			};
			name = Release;
		};
/* End XCBuildConfiguration section */

/* Begin XCConfigurationList section */
		B7F2E8122642F34E00A43811 /* Build configuration list for PBXProject "Droppyn" */ = {
			isa = XCConfigurationList;
			buildConfigurations = (
				B7F2E83A2642F34F00A43811 /* Debug */,
				B7F2E83B2642F34F00A43811 /* Release */,
			);
			defaultConfigurationIsVisible = 0;
			defaultConfigurationName = Release;
		};
		B7F2E83C2642F34F00A43811 /* Build configuration list for PBXNativeTarget "Droppyn" */ = {
			isa = XCConfigurationList;
			buildConfigurations = (
				B7F2E83D2642F34F00A43811 /* Debug */,
				B7F2E83E2642F34F00A43811 /* Release */,
			);
			defaultConfigurationIsVisible = 0;
			defaultConfigurationName = Release;
		};
		B7F2E83F2642F34F00A43811 /* Build configuration list for PBXNativeTarget "DroppynTests" */ = {
			isa = XCConfigurationList;
			buildConfigurations = (
				B7F2E8402642F34F00A43811 /* Debug */,
				B7F2E8412642F34F00A43811 /* Release */,
			);
			defaultConfigurationIsVisible = 0;
			defaultConfigurationName = Release;
		};
		B7F2E8422642F34F00A43811 /* Build configuration list for PBXNativeTarget "DroppynUITests" */ = {
			isa = XCConfigurationList;
			buildConfigurations = (
				B7F2E8432642F34F00A43811 /* Debug */,
				B7F2E8442642F34F00A43811 /* Release */,
			);
			defaultConfigurationIsVisible = 0;
			defaultConfigurationName = Release;
		};
/* End XCConfigurationList section */
	};
	rootObject = B7F2E80F2642F34E00A43811 /* Project object */;
}
